github.com/gonutz/d3d9 v1.2.3 h1:DmsDobNJDN3B5gk3AGcpKq8xZfLbVJ1C6H3bVn4GKKQ=
github.com/gonutz/d3d9 v1.2.3/go.mod h1:q74g3QbR280b+qYauwEV0N9SVadszWPLZ4l/wHiD/AA=
github.com/gonutz/d3dmath v1.1.0 h1:Go49a+4T/3HR4cSA5dAYJbpaejjcWUsh1SvAwRtVKGg=
github.com/gonutz/d3dmath v1.1.0/go.mod h1:ybIqtVMWSAcf3qsyIaG5v2RrKRtU3mw5zoWN5rkVC04=
github.com/gonutz/di8 v1.1.0 h1:MhCaaUQ6uXpvz/BKEINjZKX5LnmwxLSRcJyVbanJ9qo=
github.com/gonutz/di8 v1.1.0/go.mod h1:oIvxjqSHw0bD4oNakGKjSvpzsoJVZEU18yMkflQNQsE=
github.com/gonutz/ds v1.1.0 h1:miYhj2GUjXSogiNZJya0n9amRKVP2Gzv6jI4Tqa9Fkw=
github.com/gonutz/ds v1.1.0/go.mod h1:Rx3XbXI5FF7JTSvAKYoIYY1m8JhQMZF0Ha+k4vgAZSw=
github.com/gonutz/dxc v1.1.0 h1:IOFuTlTiSZCIL34CXJFbZFCxWjj7cRbVbyfdPLsdJCg=
github.com/gonutz/dxc v1.1.0/go.mod h1:SMdn5oWWIFnNdVM/BSLp7QwvC15S/dgabQsajOlk9x8=
github.com/gonutz/ease v1.0.0 h1:lcokUDYZe6wTWGJZc7vDFmEEZKH5F2J3103foMCcrx0=
github.com/gonutz/ease v1.0.0/go.mod h1:BqeNDfxRAOu0oghqxSvPOw8x0k/nWJk82pOj7HvkqY4=
github.com/gonutz/obj v1.0.0 h1:WOwryPDYZ/OS5uyb/eROhGhvpvFpv7vP18NrfYuspXk=
github.com/gonutz/obj v1.0.0/go.mod h1:QlC/1flRQsQF5Hfvvz6Zs/uiH/R+wQFuhmsYFGoMgCQ=
github.com/gonutz/w32/v2 v2.12.0 h1:FYzNsf7Ej54Vq9q0AXAX+lA0F85i1rm2la2aYrU/168=
github.com/gonutz/w32/v2 v2.12.0/go.mod h1:MgtHx0AScDVNKyB+kjyPder4xIi3XAcHS6LDDU2DmdE=
github.com/hajimehoshi/go-mp3 v0.3.4 h1:NUP7pBYH8OguP4diaTZ9wJbUbk3tC0KlfzsEpWmYj68=
github.com/hajimehoshi/go-mp3 v0.3.4/go.mod h1:fRtZraRFcWb0pu7ok0LqyFhCUrPeMsGRSVop0eemFmo=
github.com/hajimehoshi/oto/v2 v2.3.1/go.mod h1:seWLbgHH7AyUMYKfKYT9pg7PhUu9/SisyJvNTT+ASQo=
github.com/jfreymuth/oggvorbis v1.0.1 h1:NT0eXBgE2WHzu6RT/6zcb2H10Kxj6Fm3PccT0LE6bqw=
github.com/jfreymuth/oggvorbis v1.0.1/go.mod h1:NqS+K+UXKje0FUYUPosyQ+XTVvjmVjps1aEZH1sumIk=
github.com/jfreymuth/vorbis v1.0.0 h1:SmDf783s82lIjGZi8EGUUaS7YxPHgRj4ZXW/h7rUi7U=
github.com/jfreymuth/vorbis v1.0.0/go.mod h1:8zy3lUAm9K/rJJk223RKy6vjCZTWC61NA2QD06bfOE0=
golang.org/x/sys v0.0.0-20220712014510-0a85c31ab51e/go.mod h1:oPkhp1MJrh7nUepCBck5+mAzfO9JrbApNNgaTdGDITg=
